{
  "name": "webpack-bundle-duplicator-plugin",
  "version": "1.0.0",
  "lockfileVersion": 1,
  "requires": true,
  "dependencies": {
    "seebigs-each": {
      "version": "1.1.0",
      "resolved": "https://registry.npmjs.org/seebigs-each/-/seebigs-each-1.1.0.tgz",
      "integrity": "sha512-b+mXV4jPb4eIlbMk76U2wzU/RZZ6vv8R6v/KbnGDVtgxIjUF/PAPNAJmdbaDh3q9tZ1Ngifa01leoe+7zTCu8w=="
    }
  }
}
